# THIS IS AN AUTOGENERATED FILE. DO NOT EDIT THIS FILE DIRECTLY.
# yarn lockfile v1


caesar-encrypt@^0.0.2:
  version "0.0.2"
  resolved "https://registry.yarnpkg.com/caesar-encrypt/-/caesar-encrypt-0.0.2.tgz#8dfb6e5a4f397ee33429f2fdf7e5ef8c6363fe59"

is-absolute@^0.2.6:
  version "0.2.6"
  resolved "https://registry.yarnpkg.com/is-absolute/-/is-absolute-0.2.6.tgz#20de69f3db942ef2d87b9c2da36f172235b1b5eb"
  dependencies:
    is-relative "^0.2.1"
    is-windows "^0.2.0"

is-relative@^0.2.1:
  version "0.2.1"
  resolved "https://registry.yarnpkg.com/is-relative/-/is-relative-0.2.1.tgz#d27f4c7d516d175fb610db84bbeef23c3bc97aa5"
  dependencies:
    is-unc-path "^0.1.1"

is-unc-path@^0.1.1:
  version "0.1.2"
  resolved "https://registry.yarnpkg.com/is-unc-path/-/is-unc-path-0.1.2.tgz#6ab053a72573c10250ff416a3814c35178af39b9"
  dependencies:
    unc-path-regex "^0.1.0"

is-windows@^0.2.0:
  version "0.2.0"
  resolved "https://registry.yarnpkg.com/is-windows/-/is-windows-0.2.0.tgz#de1aa6d63ea29dd248737b69f1ff8b8002d2108c"

minimist@0.0.8:
  version "0.0.8"
  resolved "https://registry.yarnpkg.com/minimist/-/minimist-0.0.8.tgz#857fcabfc3397d2625b8228262e86aa7a011b05d"

mkdirp@~0.5.1:
  version "0.5.1"
  resolved "https://registry.yarnpkg.com/mkdirp/-/mkdirp-0.5.1.tgz#30057438eac6cf7f8c4767f38648d6697d75c903"
  dependencies:
    minimist "0.0.8"

node-persist@^2.1.0:
  version "2.1.0"
  resolved "https://registry.yarnpkg.com/node-persist/-/node-persist-2.1.0.tgz#e652bbf3885a04dad6a353d74176177c83914707"
  dependencies:
    is-absolute "^0.2.6"
    mkdirp "~0.5.1"
    q "~1.1.1"

q@~1.1.1:
  version "1.1.2"
  resolved "https://registry.yarnpkg.com/q/-/q-1.1.2.tgz#6357e291206701d99f197ab84e57e8ad196f2a89"

unc-path-regex@^0.1.0:
  version "0.1.2"
  resolved "https://registry.yarnpkg.com/unc-path-regex/-/unc-path-regex-0.1.2.tgz#e73dd3d7b0d7c5ed86fbac6b0ae7d8c6a69d50fa"
